// !$*UTF8*$!
{
	archiveVersion = 1;
	classes = {
	};
	objectVersion = 46;
	objects = {

/* Begin PBXBuildFile section */
		EB382DC61D02B71F00E39386 /* AppDelegate.swift in Sources */ = {isa = PBXBuildFile; fileRef = EB382DC51D02B71F00E39386 /* AppDelegate.swift */; };
		EB382DC81D02B71F00E39386 /* ViewController.swift in Sources */ = {isa = PBXBuildFile; fileRef = EB382DC71D02B71F00E39386 /* ViewController.swift */; };
		EB382DCB1D02B71F00E39386 /* Main.storyboard in Resources */ = {isa = PBXBuildFile; fileRef = EB382DC91D02B71F00E39386 /* Main.storyboard */; };
		EB382DCD1D02B71F00E39386 /* Assets.xcassets in Resources */ = {isa = PBXBuildFile; fileRef = EB382DCC1D02B71F00E39386 /* Assets.xcassets */; };
		EB382DD01D02B71F00E39386 /* LaunchScreen.storyboard in Resources */ = {isa = PBXBuildFile; fileRef = EB382DCE1D02B71F00E39386 /* LaunchScreen.storyboard */; };
/* End PBXBuildFile section */

/* Begin PBXFileReference section */
		EB382DC21D02B71F00E39386 /* gitDemoTH.app */ = {isa = PBXFileReference; explicitFileType = wrapper.application; includeInIndex = 0; path = gitDemoTH.app; sourceTree = BUILT_PRODUCTS_DIR; };
		EB382DC51D02B71F00E39386 /* AppDelegate.swift */ = {isa = PBXFileReference; lastKnownFileType = sourcecode.swift; path = AppDelegate.swift; sourceTree = "<group>"; };
		EB382DC71D02B71F00E39386 /* ViewController.swift */ = {isa = PBXFileReference; lastKnownFileType = sourcecode.swift; path = ViewController.swift; sourceTree = "<group>"; };
		EB382DCA1D02B71F00E39386 /* Base */ = {isa = PBXFileReference; lastKnownFileType = file.storyboard; name = Base; path = Base.lproj/Main.storyboard; sourceTree = "<group>"; };
		EB382DCC1D02B71F00E39386 /* Assets.xcassets */ = {isa = PBXFileReference; lastKnownFileType = folder.assetcatalog; path = Assets.xcassets; sourceTree = "<group>"; };
		EB382DCF1D02B71F00E39386 /* Base */ = {isa = PBXFileReference; lastKnownFileType = file.storyboard; name = Base; path = Base.lproj/LaunchScreen.storyboard; sourceTree = "<group>"; };
		EB382DD11D02B71F00E39386 /* Info.plist */ = {isa = PBXFileReference; lastKnownFileType = text.plist.xml; path = Info.plist; sourceTree = "<group>"; };
/* End PBXFileReference section */

/* Begin PBXFrameworksBuildPhase section */
		EB382DBF1D02B71F00E39386 /* Frameworks */ = {
			isa = PBXFrameworksBuildPhase;
			buildActionMask = 2147483647;
			files = (
			);
			runOnlyForDeploymentPostprocessing = 0;
		};
/* End PBXFrameworksBuildPhase section */

/* Begin PBXGroup section */
		EB382DB91D02B71F00E39386 = {
			isa = PBXGroup;
			children = (
				EB382DC41D02B71F00E39386 /* gitDemoTH */,
				EB382DC31D02B71F00E39386 /* Products */,
			);
			sourceTree = "<group>";
		};
		EB382DC31D02B71F00E39386 /* Products */ = {
			isa = PBXGroup;
			children = (
				EB382DC21D02B71F00E39386 /* gitDemoTH.app */,
			);
			name = Products;
			sourceTree = "<group>";
		};
		EB382DC41D02B71F00E39386 /* gitDemoTH */ = {
			isa = PBXGroup;
			children = (
				EB382DC51D02B71F00E39386 /* AppDelegate.swift */,
				EB382DC71D02B71F00E39386 /* ViewController.swift */,
				EB382DC91D02B71F00E39386 /* Main.storyboard */,
				EB382DCC1D02B71F00E39386 /* Assets.xcassets */,
				EB382DCE1D02B71F00E39386 /* LaunchScreen.storyboard */,
				EB382DD11D02B71F00E39386 /* Info.plist */,
			);
			path = gitDemoTH;
			sourceTree = "<group>";
		};
/* End PBXGroup section */

/* Begin PBXNativeTarget section */
		EB382DC11D02B71F00E39386 /* gitDemoTH */ = {
			isa = PBXNativeTarget;
			buildConfigurationList = EB382DD41D02B71F00E39386 /* Build configuration list for PBXNativeTarget "gitDemoTH" */;
			buildPhases = (
				EB382DBE1D02B71F00E39386 /* Sources */,
				EB382DBF1D02B71F00E39386 /* Frameworks */,
				EB382DC01D02B71F00E39386 /* Resources */,
			);
			buildRules = (
			);
			dependencies = (
			);
			name = gitDemoTH;
			productName = gitDemoTH;
			productReference = EB382DC21D02B71F00E39386 /* gitDemoTH.app */;
			productType = "com.apple.product-type.application";
		};
/* End PBXNativeTarget section */

/* Begin PBXProject section */
		EB382DBA1D02B71F00E39386 /* Project object */ = {
			isa = PBXProject;
			attributes = {
				LastSwiftUpdateCheck = 0730;
				LastUpgradeCheck = 0730;
				ORGANIZATIONNAME = "Ben Shockley";
				TargetAttributes = {
					EB382DC11D02B71F00E39386 = {
						CreatedOnToolsVersion = 7.3;
					};
				};
			};
			buildConfigurationList = EB382DBD1D02B71F00E39386 /* Build configuration list for PBXProject "gitDemoTH" */;
			compatibilityVersion = "Xcode 3.2";
			developmentRegion = English;
			hasScannedForEncodings = 0;
			knownRegions = (
				en,
				Base,
			);
			mainGroup = EB382DB91D02B71F00E39386;
			productRefGroup = EB382DC31D02B71F00E39386 /* Products */;
			projectDirPath = "";
			projectRoot = "";
			targets = (
				EB382DC11D02B71F00E39386 /* gitDemoTH */,
			);
		};
/* End PBXProject section */

/* Begin PBXResourcesBuildPhase section */
		EB382DC01D02B71F00E39386 /* Resources */ = {
			isa = PBXResourcesBuildPhase;
			buildActionMask = 2147483647;
			files = (
				EB382DD01D02B71F00E39386 /* LaunchScreen.storyboard in Resources */,
				EB382DCD1D02B71F00E39386 /* Assets.xcassets in Resources */,
				EB382DCB1D02B71F00E39386 /* Main.storyboard in Resources */,
			);
			runOnlyForDeploymentPostprocessing = 0;
		};
/* End PBXResourcesBuildPhase section */

/* Begin PBXSourcesBuildPhase section */
		EB382DBE1D02B71F00E39386 /* Sources */ = {
			isa = PBXSourcesBuildPhase;
			buildActionMask = 2147483647;
			files = (
				EB382DC81D02B71F00E39386 /* ViewController.swift in Sources */,
				EB382DC61D02B71F00E39386 /* AppDelegate.swift in Sources */,
			);
			runOnlyForDeploymentPostprocessing = 0;
		};
/* End PBXSourcesBuildPhase section */

/* Begin PBXVariantGroup section */
		EB382DC91D02B71F00E39386 /* Main.storyboard */ = {
			isa = PBXVariantGroup;
			children = (
				EB382DCA1D02B71F00E39386 /* Base */,
			);
			name = Main.storyboard;
			sourceTree = "<group>";
		};
		EB382DCE1D02B71F00E39386 /* LaunchScreen.storyboard */ = {
			isa = PBXVariantGroup;
			children = (
				EB382DCF1D02B71F00E39386 /* Base */,
			);
			name = LaunchScreen.storyboard;
			sourceTree = "<group>";
		};
/* End PBXVariantGroup section */

/* Begin XCBuildConfiguration section */
		EB382DD21D02B71F00E39386 /* Debug */ = {
			isa = XCBuildConfiguration;
			buildSettings = {
				ALWAYS_SEARCH_USER_PATHS = NO;
				CLANG_ANALYZER_NONNULL = YES;
				CLANG_CXX_LANGUAGE_STANDARD = "gnu++0x";
				CLANG_CXX_LIBRARY = "libc++";
				CLANG_ENABLE_MODULES = YES;
				CLANG_ENABLE_OBJC_ARC = YES;
				CLANG_WARN_BOOL_CONVERSION = YES;
				CLANG_WARN_CONSTANT_CONVERSION = YES;
				CLANG_WARN_DIRECT_OBJC_ISA_USAGE = YES_ERROR;
				CLANG_WARN_EMPTY_BODY = YES;
				CLANG_WARN_ENUM_CONVERSION = YES;
				CLANG_WARN_INT_CONVERSION = YES;
				CLANG_WARN_OBJC_ROOT_CLASS = YES_ERROR;
				CLANG_WARN_UNREACHABLE_CODE = YES;
				CLANG_WARN__DUPLICATE_METHOD_MATCH = YES;
				"CODE_SIGN_IDENTITY[sdk=iphoneos*]" = "iPhone Developer";
				COPY_PHASE_STRIP = NO;
				DEBUG_INFORMATION_FORMAT = dwarf;
				ENABLE_STRICT_OBJC_MSGSEND = YES;
				ENABLE_TESTABILITY = YES;
				GCC_C_LANGUAGE_STANDARD = gnu99;
				GCC_DYNAMIC_NO_PIC = NO;
				GCC_NO_COMMON_BLOCKS = YES;
				GCC_OPTIMIZATION_LEVEL = 0;
				GCC_PREPROCESSOR_DEFINITIONS = (
					"DEBUG=1",
					"$(inherited)",
				);
				GCC_WARN_64_TO_32_BIT_CONVERSION = YES;
				GCC_WARN_ABOUT_RETURN_TYPE = YES_ERROR;
				GCC_WARN_UNDECLARED_SELECTOR = YES;
				GCC_WARN_UNINITIALIZED_AUTOS = YES_AGGRESSIVE;
				GCC_WARN_UNUSED_FUNCTION = YES;
				GCC_WARN_UNUSED_VARIABLE = YES;
				IPHONEOS_DEPLOYMENT_TARGET = 9.3;
				MTL_ENABLE_DEBUG_INFO = YES;
				ONLY_ACTIVE_ARCH = YES;
				SDKROOT = iphoneos;
				SWIFT_OPTIMIZATION_LEVEL = "-Onone";
			};
			name = Debug;
		};
		EB382DD31D02B71F00E39386 /* Release */ = {
			isa = XCBuildConfiguration;
			buildSettings = {
				ALWAYS_SEARCH_USER_PATHS = NO;
				CLANG_ANALYZER_NONNULL = YES;
				CLANG_CXX_LANGUAGE_STANDARD = "gnu++0x";
				CLANG_CXX_LIBRARY = "libc++";
				CLANG_ENABLE_MODULES = YES;
				CLANG_ENABLE_OBJC_ARC = YES;
				CLANG_WARN_BOOL_CONVERSION = YES;
				CLANG_WARN_CONSTANT_CONVERSION = YES;
				CLANG_WARN_DIRECT_OBJC_ISA_USAGE = YES_ERROR;
				CLANG_WARN_EMPTY_BODY = YES;
				CLANG_WARN_ENUM_CONVERSION = YES;
				CLANG_WARN_INT_CONVERSION = YES;
				CLANG_WARN_OBJC_ROOT_CLASS = YES_ERROR;
				CLANG_WARN_UNREACHABLE_CODE = YES;
				CLANG_WARN__DUPLICATE_METHOD_MATCH = YES;
				"CODE_SIGN_IDENTITY[sdk=iphoneos*]" = "iPhone Developer";
				COPY_PHASE_STRIP = NO;
				DEBUG_INFORMATION_FORMAT = "dwarf-with-dsym";
				ENABLE_NS_ASSERTIONS = NO;
				ENABLE_STRICT_OBJC_MSGSEND = YES;
				GCC_C_LANGUAGE_STANDARD = gnu99;
				GCC_NO_COMMON_BLOCKS = YES;
				GCC_WARN_64_TO_32_BIT_CONVERSION = YES;
				GCC_WARN_ABOUT_RETURN_TYPE = YES_ERROR;
				GCC_WARN_UNDECLARED_SELECTOR = YES;
				GCC_WARN_UNINITIALIZED_AUTOS = YES_AGGRESSIVE;
				GCC_WARN_UNUSED_FUNCTION = YES;
				GCC_WARN_UNUSED_VARIABLE = YES;
				IPHONEOS_DEPLOYMENT_TARGET = 9.3;
				MTL_ENABLE_DEBUG_INFO = NO;
				SDKROOT = iphoneos;
				VALIDATE_PRODUCT = YES;
			};
			name = Release;
		};
		EB382DD51D02B71F00E39386 /* Debug */ = {
			isa = XCBuildConfiguration;
			buildSettings = {
				ASSETCATALOG_COMPILER_APPICON_NAME = AppIcon;
				INFOPLIST_FILE = gitDemoTH/Info.plist;
				LD_RUNPATH_SEARCH_PATHS = "$(inherited) @executable_path/Frameworks";
				PRODUCT_BUNDLE_IDENTIFIER = com.shockedstudios.gitDemoTH;
				PRODUCT_NAME = "$(TARGET_NAME)";
			};
			name = Debug;
		};
		EB382DD61D02B71F00E39386 /* Release */ = {
			isa = XCBuildConfiguration;
			buildSettings = {
				ASSETCATALOG_COMPILER_APPICON_NAME = AppIcon;
				INFOPLIST_FILE = gitDemoTH/Info.plist;
				LD_RUNPATH_SEARCH_PATHS = "$(inherited) @executable_path/Frameworks";
				PRODUCT_BUNDLE_IDENTIFIER = com.shockedstudios.gitDemoTH;
				PRODUCT_NAME = "$(TARGET_NAME)";
			};
			name = Release;
		};
/* End XCBuildConfiguration section */

/* Begin XCConfigurationList section */
		EB382DBD1D02B71F00E39386 /* Build configuration list for PBXProject "gitDemoTH" */ = {
			isa = XCConfigurationList;
			buildConfigurations = (
				EB382DD21D02B71F00E39386 /* Debug */,
				EB382DD31D02B71F00E39386 /* Release */,
			);
			defaultConfigurationIsVisible = 0;
			defaultConfigurationName = Release;
		};
		EB382DD41D02B71F00E39386 /* Build configuration list for PBXNativeTarget "gitDemoTH" */ = {
			isa = XCConfigurationList;
			buildConfigurations = (
				EB382DD51D02B71F00E39386 /* Debug */,
				EB382DD61D02B71F00E39386 /* Release */,
			);
			defaultConfigurationIsVisible = 0;
		};
/* End XCConfigurationList section */
	};
	rootObject = EB382DBA1D02B71F00E39386 /* Project object */;
}
